
Microsoft Visual Studio Solution File, Format Version 12.00
# Visual Studio 15
VisualStudioVersion = 15.0.26403.7
MinimumVisualStudioVersion = 10.0.40219.1
Project("{FAE04EC0-301F-11D3-BF4B-00C04F79EFBC}") = "(Side) AdvancedLoops", "(Side) Advanced Loops\(Side) AdvancedLoops.csproj", "{563D3432-41F8-4486-935F-C2533AEE47D1}"
EndProject
Project("{FAE04EC0-301F-11D3-BF4B-00C04F79EFBC}") = "A Numbers1ToNWithStep3", "Numbers1ToNWithStep3\A Numbers1ToNWithStep3.csproj", "{C811F861-CFC7-4E5B-8ADE-8867314FB023}"
EndProject
Project("{FAE04EC0-301F-11D3-BF4B-00C04F79EFBC}") = "B NumbersNTo1", "NumbersNTo1\B NumbersNTo1.csproj", "{1F3B2DBC-6B21-4D9F-8CC5-13F5B46C91E5}"
EndProject
Project("{FAE04EC0-301F-11D3-BF4B-00C04F79EFBC}") = "C PowersOfTwo", "PowersOfTwo\C PowersOfTwo.csproj", "{39817A31-8ED1-4605-A6A5-C682FE0A0405}"
EndProject
Project("{FAE04EC0-301F-11D3-BF4B-00C04F79EFBC}") = "D EvenPowersOf2", "D EvenPowersOf2\D EvenPowersOf2.csproj", "{C714C28E-DD01-4594-9036-02044EF5931F}"
EndProject
Project("{FAE04EC0-301F-11D3-BF4B-00C04F79EFBC}") = "E Sequence2k+1", "E Sequence2k+1\E Sequence2k+1.csproj", "{147EED79-A20F-4F2A-962F-8EB5FFE724A2}"
EndProject
Project("{FAE04EC0-301F-11D3-BF4B-00C04F79EFBC}") = "F NumberInRange[1To100]", "F NumberInRange[1To100]\F NumberInRange[1To100].csproj", "{142F82A7-C49D-43F7-88E2-FC91133012AD}"
EndProject
Project("{FAE04EC0-301F-11D3-BF4B-00C04F79EFBC}") = "G GreatestCommonDivisor", "G GreatestCommonDivisor\G GreatestCommonDivisor.csproj", "{33EC59D8-DA37-452D-914D-819BBEB46386}"
EndProject
Project("{FAE04EC0-301F-11D3-BF4B-00C04F79EFBC}") = "H Factorial", "H Factorial\H Factorial.csproj", "{D80917A9-4361-4991-98A7-B855B890F137}"
EndProject
Project("{FAE04EC0-301F-11D3-BF4B-00C04F79EFBC}") = "I SumDigits", "I SumDigits\I SumDigits.csproj", "{165BC368-F39D-40C6-AD08-C9B9B48FD90A}"
EndProject
Project("{FAE04EC0-301F-11D3-BF4B-00C04F79EFBC}") = "J CheckPrime", "J CheckPrime\J CheckPrime.csproj", "{2E6BECDB-E39F-48C1-BB18-538B07BE3E25}"
EndProject
Project("{FAE04EC0-301F-11D3-BF4B-00C04F79EFBC}") = "K EnterEvenNumber", "K EnterEvenNumber\K EnterEvenNumber.csproj", "{FA129D81-E4CC-484B-9763-6745C3DB451B}"
EndProject
Project("{FAE04EC0-301F-11D3-BF4B-00C04F79EFBC}") = "L Fibonacci", "L Fibonacci\L Fibonacci.csproj", "{DB9F3EDE-0F2C-4C0F-B1A9-1339813BB3B9}"
EndProject
Project("{FAE04EC0-301F-11D3-BF4B-00C04F79EFBC}") = "M NumberPyramid", "M NumberPyramid\M NumberPyramid.csproj", "{57D8DB72-577B-4BE2-B514-2A9A72F40675}"
EndProject
Project("{FAE04EC0-301F-11D3-BF4B-00C04F79EFBC}") = "N NumberTable", "N NumberTable\N NumberTable.csproj", "{73108333-C449-4A6A-B6A9-7A0B1DA54702}"
EndProject
Global
	GlobalSection(SolutionConfigurationPlatforms) = preSolution
		Debug|Any CPU = Debug|Any CPU
		Release|Any CPU = Release|Any CPU
	EndGlobalSection
	GlobalSection(ProjectConfigurationPlatforms) = postSolution
		{563D3432-41F8-4486-935F-C2533AEE47D1}.Debug|Any CPU.ActiveCfg = Debug|Any CPU
		{563D3432-41F8-4486-935F-C2533AEE47D1}.Debug|Any CPU.Build.0 = Debug|Any CPU
		{563D3432-41F8-4486-935F-C2533AEE47D1}.Release|Any CPU.ActiveCfg = Release|Any CPU
		{563D3432-41F8-4486-935F-C2533AEE47D1}.Release|Any CPU.Build.0 = Release|Any CPU
		{C811F861-CFC7-4E5B-8ADE-8867314FB023}.Debug|Any CPU.ActiveCfg = Debug|Any CPU
		{C811F861-CFC7-4E5B-8ADE-8867314FB023}.Debug|Any CPU.Build.0 = Debug|Any CPU
		{C811F861-CFC7-4E5B-8ADE-8867314FB023}.Release|Any CPU.ActiveCfg = Release|Any CPU
		{C811F861-CFC7-4E5B-8ADE-8867314FB023}.Release|Any CPU.Build.0 = Release|Any CPU
		{1F3B2DBC-6B21-4D9F-8CC5-13F5B46C91E5}.Debug|Any CPU.ActiveCfg = Debug|Any CPU
		{1F3B2DBC-6B21-4D9F-8CC5-13F5B46C91E5}.Debug|Any CPU.Build.0 = Debug|Any CPU
		{1F3B2DBC-6B21-4D9F-8CC5-13F5B46C91E5}.Release|Any CPU.ActiveCfg = Release|Any CPU
		{1F3B2DBC-6B21-4D9F-8CC5-13F5B46C91E5}.Release|Any CPU.Build.0 = Release|Any CPU
		{39817A31-8ED1-4605-A6A5-C682FE0A0405}.Debug|Any CPU.ActiveCfg = Debug|Any CPU
		{39817A31-8ED1-4605-A6A5-C682FE0A0405}.Debug|Any CPU.Build.0 = Debug|Any CPU
		{39817A31-8ED1-4605-A6A5-C682FE0A0405}.Release|Any CPU.ActiveCfg = Release|Any CPU
		{39817A31-8ED1-4605-A6A5-C682FE0A0405}.Release|Any CPU.Build.0 = Release|Any CPU
		{C714C28E-DD01-4594-9036-02044EF5931F}.Debug|Any CPU.ActiveCfg = Debug|Any CPU
		{C714C28E-DD01-4594-9036-02044EF5931F}.Debug|Any CPU.Build.0 = Debug|Any CPU
		{C714C28E-DD01-4594-9036-02044EF5931F}.Release|Any CPU.ActiveCfg = Release|Any CPU
		{C714C28E-DD01-4594-9036-02044EF5931F}.Release|Any CPU.Build.0 = Release|Any CPU
		{147EED79-A20F-4F2A-962F-8EB5FFE724A2}.Debug|Any CPU.ActiveCfg = Debug|Any CPU
		{147EED79-A20F-4F2A-962F-8EB5FFE724A2}.Debug|Any CPU.Build.0 = Debug|Any CPU
		{147EED79-A20F-4F2A-962F-8EB5FFE724A2}.Release|Any CPU.ActiveCfg = Release|Any CPU
		{147EED79-A20F-4F2A-962F-8EB5FFE724A2}.Release|Any CPU.Build.0 = Release|Any CPU
		{142F82A7-C49D-43F7-88E2-FC91133012AD}.Debug|Any CPU.ActiveCfg = Debug|Any CPU
		{142F82A7-C49D-43F7-88E2-FC91133012AD}.Debug|Any CPU.Build.0 = Debug|Any CPU
		{142F82A7-C49D-43F7-88E2-FC91133012AD}.Release|Any CPU.ActiveCfg = Release|Any CPU
		{142F82A7-C49D-43F7-88E2-FC91133012AD}.Release|Any CPU.Build.0 = Release|Any CPU
		{33EC59D8-DA37-452D-914D-819BBEB46386}.Debug|Any CPU.ActiveCfg = Debug|Any CPU
		{33EC59D8-DA37-452D-914D-819BBEB46386}.Debug|Any CPU.Build.0 = Debug|Any CPU
		{33EC59D8-DA37-452D-914D-819BBEB46386}.Release|Any CPU.ActiveCfg = Release|Any CPU
		{33EC59D8-DA37-452D-914D-819BBEB46386}.Release|Any CPU.Build.0 = Release|Any CPU
		{D80917A9-4361-4991-98A7-B855B890F137}.Debug|Any CPU.ActiveCfg = Debug|Any CPU
		{D80917A9-4361-4991-98A7-B855B890F137}.Debug|Any CPU.Build.0 = Debug|Any CPU
		{D80917A9-4361-4991-98A7-B855B890F137}.Release|Any CPU.ActiveCfg = Release|Any CPU
		{D80917A9-4361-4991-98A7-B855B890F137}.Release|Any CPU.Build.0 = Release|Any CPU
		{165BC368-F39D-40C6-AD08-C9B9B48FD90A}.Debug|Any CPU.ActiveCfg = Debug|Any CPU
		{165BC368-F39D-40C6-AD08-C9B9B48FD90A}.Debug|Any CPU.Build.0 = Debug|Any CPU
		{165BC368-F39D-40C6-AD08-C9B9B48FD90A}.Release|Any CPU.ActiveCfg = Release|Any CPU
		{165BC368-F39D-40C6-AD08-C9B9B48FD90A}.Release|Any CPU.Build.0 = Release|Any CPU
		{2E6BECDB-E39F-48C1-BB18-538B07BE3E25}.Debug|Any CPU.ActiveCfg = Debug|Any CPU
		{2E6BECDB-E39F-48C1-BB18-538B07BE3E25}.Debug|Any CPU.Build.0 = Debug|Any CPU
		{2E6BECDB-E39F-48C1-BB18-538B07BE3E25}.Release|Any CPU.ActiveCfg = Release|Any CPU
		{2E6BECDB-E39F-48C1-BB18-538B07BE3E25}.Release|Any CPU.Build.0 = Release|Any CPU
		{FA129D81-E4CC-484B-9763-6745C3DB451B}.Debug|Any CPU.ActiveCfg = Debug|Any CPU
		{FA129D81-E4CC-484B-9763-6745C3DB451B}.Debug|Any CPU.Build.0 = Debug|Any CPU
		{FA129D81-E4CC-484B-9763-6745C3DB451B}.Release|Any CPU.ActiveCfg = Release|Any CPU
		{FA129D81-E4CC-484B-9763-6745C3DB451B}.Release|Any CPU.Build.0 = Release|Any CPU
		{DB9F3EDE-0F2C-4C0F-B1A9-1339813BB3B9}.Debug|Any CPU.ActiveCfg = Debug|Any CPU
		{DB9F3EDE-0F2C-4C0F-B1A9-1339813BB3B9}.Debug|Any CPU.Build.0 = Debug|Any CPU
		{DB9F3EDE-0F2C-4C0F-B1A9-1339813BB3B9}.Release|Any CPU.ActiveCfg = Release|Any CPU
		{DB9F3EDE-0F2C-4C0F-B1A9-1339813BB3B9}.Release|Any CPU.Build.0 = Release|Any CPU
		{57D8DB72-577B-4BE2-B514-2A9A72F40675}.Debug|Any CPU.ActiveCfg = Debug|Any CPU
		{57D8DB72-577B-4BE2-B514-2A9A72F40675}.Debug|Any CPU.Build.0 = Debug|Any CPU
		{57D8DB72-577B-4BE2-B514-2A9A72F40675}.Release|Any CPU.ActiveCfg = Release|Any CPU
		{57D8DB72-577B-4BE2-B514-2A9A72F40675}.Release|Any CPU.Build.0 = Release|Any CPU
		{73108333-C449-4A6A-B6A9-7A0B1DA54702}.Debug|Any CPU.ActiveCfg = Debug|Any CPU
		{73108333-C449-4A6A-B6A9-7A0B1DA54702}.Debug|Any CPU.Build.0 = Debug|Any CPU
		{73108333-C449-4A6A-B6A9-7A0B1DA54702}.Release|Any CPU.ActiveCfg = Release|Any CPU
		{73108333-C449-4A6A-B6A9-7A0B1DA54702}.Release|Any CPU.Build.0 = Release|Any CPU
	EndGlobalSection
	GlobalSection(SolutionProperties) = preSolution
		HideSolutionNode = FALSE
	EndGlobalSection
EndGlobal
